
Microsoft Visual Studio Solution File, Format Version 12.00
# Visual Studio 15
VisualStudioVersion = 15.0.28307.421
MinimumVisualStudioVersion = 10.0.40219.1
Project("{FAE04EC0-301F-11D3-BF4B-00C04F79EFBC}") = "Admin.WebApi", "Admin.WebApi\Admin.WebApi.csproj", "{81BB5309-51C9-4005-8D62-57A38E264FAB}"
EndProject
Project("{FAE04EC0-301F-11D3-BF4B-00C04F79EFBC}") = "Admin.Common", "Admin.Common\Admin.Common.csproj", "{5CB231F5-1911-427F-A4C1-F8BA43894439}"
EndProject
Project("{FAE04EC0-301F-11D3-BF4B-00C04F79EFBC}") = "Admin.BLL", "Admin.BLL\Admin.BLL.csproj", "{46C49E2C-36EC-41B5-8096-8113AD609275}"
EndProject
Project("{FAE04EC0-301F-11D3-BF4B-00C04F79EFBC}") = "Admin.IBLL", "Admin.IBLL\Admin.IBLL.csproj", "{9D84A578-8468-4679-9D72-CE3645FC1709}"
EndProject
Project("{FAE04EC0-301F-11D3-BF4B-00C04F79EFBC}") = "Admin.IDAL", "Admin.IDAL\Admin.IDAL.csproj", "{B614E5C3-571D-4A8A-A614-B9135F2DE386}"
EndProject
Project("{FAE04EC0-301F-11D3-BF4B-00C04F79EFBC}") = "Admin.DAL", "Admin.DAL\Admin.DAL.csproj", "{DE45D518-C08E-4784-9DBE-6ACC39BF8720}"
EndProject
Project("{FAE04EC0-301F-11D3-BF4B-00C04F79EFBC}") = "Admin.Entity", "Admin.Entity\Admin.Entity.csproj", "{3C9BAE18-FAF6-4CEB-884A-C746D2E68A1A}"
EndProject
Project("{FAE04EC0-301F-11D3-BF4B-00C04F79EFBC}") = "Admin.ViewModel", "Admin.ViewModel\Admin.ViewModel.csproj", "{432CB7F3-4705-4F13-9DFF-9620BC761141}"
EndProject
Project("{FAE04EC0-301F-11D3-BF4B-00C04F79EFBC}") = "Admin.Cache", "Admin.Cache\Admin.Cache.csproj", "{CA5C70DE-F8BE-4D00-8E00-BA718B752D1C}"
EndProject
Global
	GlobalSection(SolutionConfigurationPlatforms) = preSolution
		Debug|Any CPU = Debug|Any CPU
		Debug|x64 = Debug|x64
		Release|Any CPU = Release|Any CPU
		Release|x64 = Release|x64
	EndGlobalSection
	GlobalSection(ProjectConfigurationPlatforms) = postSolution
		{81BB5309-51C9-4005-8D62-57A38E264FAB}.Debug|Any CPU.ActiveCfg = Debug|Any CPU
		{81BB5309-51C9-4005-8D62-57A38E264FAB}.Debug|Any CPU.Build.0 = Debug|Any CPU
		{81BB5309-51C9-4005-8D62-57A38E264FAB}.Debug|x64.ActiveCfg = Debug|x64
		{81BB5309-51C9-4005-8D62-57A38E264FAB}.Debug|x64.Build.0 = Debug|x64
		{81BB5309-51C9-4005-8D62-57A38E264FAB}.Release|Any CPU.ActiveCfg = Release|Any CPU
		{81BB5309-51C9-4005-8D62-57A38E264FAB}.Release|Any CPU.Build.0 = Release|Any CPU
		{81BB5309-51C9-4005-8D62-57A38E264FAB}.Release|x64.ActiveCfg = Release|x64
		{81BB5309-51C9-4005-8D62-57A38E264FAB}.Release|x64.Build.0 = Release|x64
		{5CB231F5-1911-427F-A4C1-F8BA43894439}.Debug|Any CPU.ActiveCfg = Debug|Any CPU
		{5CB231F5-1911-427F-A4C1-F8BA43894439}.Debug|Any CPU.Build.0 = Debug|Any CPU
		{5CB231F5-1911-427F-A4C1-F8BA43894439}.Debug|x64.ActiveCfg = Debug|x64
		{5CB231F5-1911-427F-A4C1-F8BA43894439}.Debug|x64.Build.0 = Debug|x64
		{5CB231F5-1911-427F-A4C1-F8BA43894439}.Release|Any CPU.ActiveCfg = Release|Any CPU
		{5CB231F5-1911-427F-A4C1-F8BA43894439}.Release|Any CPU.Build.0 = Release|Any CPU
		{5CB231F5-1911-427F-A4C1-F8BA43894439}.Release|x64.ActiveCfg = Release|x64
		{5CB231F5-1911-427F-A4C1-F8BA43894439}.Release|x64.Build.0 = Release|x64
		{46C49E2C-36EC-41B5-8096-8113AD609275}.Debug|Any CPU.ActiveCfg = Debug|Any CPU
		{46C49E2C-36EC-41B5-8096-8113AD609275}.Debug|Any CPU.Build.0 = Debug|Any CPU
		{46C49E2C-36EC-41B5-8096-8113AD609275}.Debug|x64.ActiveCfg = Debug|x64
		{46C49E2C-36EC-41B5-8096-8113AD609275}.Debug|x64.Build.0 = Debug|x64
		{46C49E2C-36EC-41B5-8096-8113AD609275}.Release|Any CPU.ActiveCfg = Release|Any CPU
		{46C49E2C-36EC-41B5-8096-8113AD609275}.Release|Any CPU.Build.0 = Release|Any CPU
		{46C49E2C-36EC-41B5-8096-8113AD609275}.Release|x64.ActiveCfg = Release|x64
		{46C49E2C-36EC-41B5-8096-8113AD609275}.Release|x64.Build.0 = Release|x64
		{9D84A578-8468-4679-9D72-CE3645FC1709}.Debug|Any CPU.ActiveCfg = Debug|Any CPU
		{9D84A578-8468-4679-9D72-CE3645FC1709}.Debug|Any CPU.Build.0 = Debug|Any CPU
		{9D84A578-8468-4679-9D72-CE3645FC1709}.Debug|x64.ActiveCfg = Debug|x64
		{9D84A578-8468-4679-9D72-CE3645FC1709}.Debug|x64.Build.0 = Debug|x64
		{9D84A578-8468-4679-9D72-CE3645FC1709}.Release|Any CPU.ActiveCfg = Release|Any CPU
		{9D84A578-8468-4679-9D72-CE3645FC1709}.Release|Any CPU.Build.0 = Release|Any CPU
		{9D84A578-8468-4679-9D72-CE3645FC1709}.Release|x64.ActiveCfg = Release|x64
		{9D84A578-8468-4679-9D72-CE3645FC1709}.Release|x64.Build.0 = Release|x64
		{B614E5C3-571D-4A8A-A614-B9135F2DE386}.Debug|Any CPU.ActiveCfg = Debug|Any CPU
		{B614E5C3-571D-4A8A-A614-B9135F2DE386}.Debug|Any CPU.Build.0 = Debug|Any CPU
		{B614E5C3-571D-4A8A-A614-B9135F2DE386}.Debug|x64.ActiveCfg = Debug|x64
		{B614E5C3-571D-4A8A-A614-B9135F2DE386}.Debug|x64.Build.0 = Debug|x64
		{B614E5C3-571D-4A8A-A614-B9135F2DE386}.Release|Any CPU.ActiveCfg = Release|Any CPU
		{B614E5C3-571D-4A8A-A614-B9135F2DE386}.Release|Any CPU.Build.0 = Release|Any CPU
		{B614E5C3-571D-4A8A-A614-B9135F2DE386}.Release|x64.ActiveCfg = Release|x64
		{B614E5C3-571D-4A8A-A614-B9135F2DE386}.Release|x64.Build.0 = Release|x64
		{DE45D518-C08E-4784-9DBE-6ACC39BF8720}.Debug|Any CPU.ActiveCfg = Debug|Any CPU
		{DE45D518-C08E-4784-9DBE-6ACC39BF8720}.Debug|Any CPU.Build.0 = Debug|Any CPU
		{DE45D518-C08E-4784-9DBE-6ACC39BF8720}.Debug|x64.ActiveCfg = Debug|x64
		{DE45D518-C08E-4784-9DBE-6ACC39BF8720}.Debug|x64.Build.0 = Debug|x64
		{DE45D518-C08E-4784-9DBE-6ACC39BF8720}.Release|Any CPU.ActiveCfg = Release|Any CPU
		{DE45D518-C08E-4784-9DBE-6ACC39BF8720}.Release|Any CPU.Build.0 = Release|Any CPU
		{DE45D518-C08E-4784-9DBE-6ACC39BF8720}.Release|x64.ActiveCfg = Release|x64
		{DE45D518-C08E-4784-9DBE-6ACC39BF8720}.Release|x64.Build.0 = Release|x64
		{3C9BAE18-FAF6-4CEB-884A-C746D2E68A1A}.Debug|Any CPU.ActiveCfg = Debug|Any CPU
		{3C9BAE18-FAF6-4CEB-884A-C746D2E68A1A}.Debug|Any CPU.Build.0 = Debug|Any CPU
		{3C9BAE18-FAF6-4CEB-884A-C746D2E68A1A}.Debug|x64.ActiveCfg = Debug|x64
		{3C9BAE18-FAF6-4CEB-884A-C746D2E68A1A}.Debug|x64.Build.0 = Debug|x64
		{3C9BAE18-FAF6-4CEB-884A-C746D2E68A1A}.Release|Any CPU.ActiveCfg = Release|Any CPU
		{3C9BAE18-FAF6-4CEB-884A-C746D2E68A1A}.Release|Any CPU.Build.0 = Release|Any CPU
		{3C9BAE18-FAF6-4CEB-884A-C746D2E68A1A}.Release|x64.ActiveCfg = Release|x64
		{3C9BAE18-FAF6-4CEB-884A-C746D2E68A1A}.Release|x64.Build.0 = Release|x64
		{432CB7F3-4705-4F13-9DFF-9620BC761141}.Debug|Any CPU.ActiveCfg = Debug|Any CPU
		{432CB7F3-4705-4F13-9DFF-9620BC761141}.Debug|Any CPU.Build.0 = Debug|Any CPU
		{432CB7F3-4705-4F13-9DFF-9620BC761141}.Debug|x64.ActiveCfg = Debug|x64
		{432CB7F3-4705-4F13-9DFF-9620BC761141}.Debug|x64.Build.0 = Debug|x64
		{432CB7F3-4705-4F13-9DFF-9620BC761141}.Release|Any CPU.ActiveCfg = Release|Any CPU
		{432CB7F3-4705-4F13-9DFF-9620BC761141}.Release|Any CPU.Build.0 = Release|Any CPU
		{432CB7F3-4705-4F13-9DFF-9620BC761141}.Release|x64.ActiveCfg = Release|x64
		{432CB7F3-4705-4F13-9DFF-9620BC761141}.Release|x64.Build.0 = Release|x64
		{CA5C70DE-F8BE-4D00-8E00-BA718B752D1C}.Debug|Any CPU.ActiveCfg = Debug|Any CPU
		{CA5C70DE-F8BE-4D00-8E00-BA718B752D1C}.Debug|Any CPU.Build.0 = Debug|Any CPU
		{CA5C70DE-F8BE-4D00-8E00-BA718B752D1C}.Debug|x64.ActiveCfg = Debug|x64
		{CA5C70DE-F8BE-4D00-8E00-BA718B752D1C}.Debug|x64.Build.0 = Debug|x64
		{CA5C70DE-F8BE-4D00-8E00-BA718B752D1C}.Release|Any CPU.ActiveCfg = Release|Any CPU
		{CA5C70DE-F8BE-4D00-8E00-BA718B752D1C}.Release|Any CPU.Build.0 = Release|Any CPU
		{CA5C70DE-F8BE-4D00-8E00-BA718B752D1C}.Release|x64.ActiveCfg = Release|x64
		{CA5C70DE-F8BE-4D00-8E00-BA718B752D1C}.Release|x64.Build.0 = Release|x64
	EndGlobalSection
	GlobalSection(SolutionProperties) = preSolution
		HideSolutionNode = FALSE
	EndGlobalSection
	GlobalSection(ExtensibilityGlobals) = postSolution
		SolutionGuid = {3784AB59-9ACD-4D09-B86A-BFAAF31C3A53}
	EndGlobalSection
EndGlobal
